
Microsoft Visual Studio Solution File, Format Version 12.00
# Visual Studio Version 16
VisualStudioVersion = 16.0.29001.49
MinimumVisualStudioVersion = 10.0.40219.1
Project("{9A19103F-16F7-4668-BE54-9A1E7A4F7556}") = "JG.TechLearning.WPF.CarDiagnosticApp", "JG.TechLearning.WPF.CarDiagnosticApp\JG.TechLearning.WPF.CarDiagnosticApp.csproj", "{966749AB-3A1E-4E8C-BD33-E464C889178A}"
EndProject
Project("{9A19103F-16F7-4668-BE54-9A1E7A4F7556}") = "JG.TechLearning.WPF.CarDiagnostic.DataSources.IDataSource", "JG.TechLearning.WPF.CarDiagnostic.DataSources.IDataSource\JG.TechLearning.WPF.CarDiagnostic.DataSources.IDataSource.csproj", "{7AB0353F-3C7F-43D5-B2F7-F1DA7C9C6816}"
EndProject
Project("{9A19103F-16F7-4668-BE54-9A1E7A4F7556}") = "JG.TechLearning.WPF.CarDiagnostic.DataSources.CarsMockDataSource", "JG.TechLearning.WPF.CarDiagnostic.DataSources.CarsMockDataSource\JG.TechLearning.WPF.CarDiagnostic.DataSources.CarsMockDataSource.csproj", "{23D3D909-8421-4EB6-B93B-FA484DACFB0C}"
EndProject
Project("{9A19103F-16F7-4668-BE54-9A1E7A4F7556}") = "JG.TechLearning.WPF.CarDiagnostic.DataSources.IRegistry", "JG.TechLearning.WPF.CarDiagnostic.DataSources.IDataSourcesPossessor\JG.TechLearning.WPF.CarDiagnostic.DataSources.IRegistry.csproj", "{C8FC4654-B235-470F-9462-870661CB01F2}"
EndProject
Project("{9A19103F-16F7-4668-BE54-9A1E7A4F7556}") = "JG.TechLearning.WPF.CarDiagnostic.DataSources.MockRegistry", "JG.TechLearning.WPF.CarDiagnostic.DataSources.MockDataSourcesPossesor\JG.TechLearning.WPF.CarDiagnostic.DataSources.MockRegistry.csproj", "{A7170F76-5E16-4420-817D-8799FC2BEDF4}"
EndProject
Project("{9A19103F-16F7-4668-BE54-9A1E7A4F7556}") = "JG.TechLearning.WPF.CarDiagnostic.UserControl", "JG.TechLearning.WPF.CarDiagnostic.UserControl\JG.TechLearning.WPF.CarDiagnostic.UserControl.csproj", "{A3170834-B2EC-4FF2-A709-A406DE6A78B1}"
EndProject
Project("{9A19103F-16F7-4668-BE54-9A1E7A4F7556}") = "JG.TechLearning.WPF.CarDiagnostic.ViewModel", "JG.TechLearning.WPF.CarDiagnostic.ViewModel\JG.TechLearning.WPF.CarDiagnostic.ViewModel.csproj", "{E9DD43D0-0494-4C7F-81CC-7EF770B62501}"
EndProject
Project("{9A19103F-16F7-4668-BE54-9A1E7A4F7556}") = "JG.TechLearning.WPF.CarDiagnostic.MvvmMessages", "JG.TechLearning.WPF.CarDiagnostic.MvvmMessages\JG.TechLearning.WPF.CarDiagnostic.MvvmMessages.csproj", "{970E05E1-CBEC-4188-BA69-A820D8B54187}"
EndProject
Project("{9A19103F-16F7-4668-BE54-9A1E7A4F7556}") = "JG.TechLearning.WPF.CarDiagnostic.Converter", "JG.TechLearning.WPF.CarDiagnostic.Converter\JG.TechLearning.WPF.CarDiagnostic.Converter.csproj", "{B328C37B-4090-46ED-9F40-5D08E5A03CFA}"
EndProject
Project("{9A19103F-16F7-4668-BE54-9A1E7A4F7556}") = "JG.TechLearning.WPF.CarDiagnostic.Common.Interfaces", "JG.TechLearning.WPF.CarDiagnostic.Common.Interfaces\JG.TechLearning.WPF.CarDiagnostic.Common.Interfaces.csproj", "{D49B4975-4EBE-4D4C-9624-D93FD3CD00BA}"
EndProject
Project("{9A19103F-16F7-4668-BE54-9A1E7A4F7556}") = "JG.TechLearning.WPF.CarDiagnostic.Common", "JG.TechLearning.WPF.CarDiagnostic.Common\JG.TechLearning.WPF.CarDiagnostic.Common.csproj", "{5736046C-52C4-4F3C-BBFE-68D457ECC50F}"
EndProject
Global
	GlobalSection(SolutionConfigurationPlatforms) = preSolution
		Debug|Any CPU = Debug|Any CPU
		Release|Any CPU = Release|Any CPU
	EndGlobalSection
	GlobalSection(ProjectConfigurationPlatforms) = postSolution
		{966749AB-3A1E-4E8C-BD33-E464C889178A}.Debug|Any CPU.ActiveCfg = Debug|Any CPU
		{966749AB-3A1E-4E8C-BD33-E464C889178A}.Debug|Any CPU.Build.0 = Debug|Any CPU
		{966749AB-3A1E-4E8C-BD33-E464C889178A}.Release|Any CPU.ActiveCfg = Release|Any CPU
		{966749AB-3A1E-4E8C-BD33-E464C889178A}.Release|Any CPU.Build.0 = Release|Any CPU
		{7AB0353F-3C7F-43D5-B2F7-F1DA7C9C6816}.Debug|Any CPU.ActiveCfg = Debug|Any CPU
		{7AB0353F-3C7F-43D5-B2F7-F1DA7C9C6816}.Debug|Any CPU.Build.0 = Debug|Any CPU
		{7AB0353F-3C7F-43D5-B2F7-F1DA7C9C6816}.Release|Any CPU.ActiveCfg = Release|Any CPU
		{7AB0353F-3C7F-43D5-B2F7-F1DA7C9C6816}.Release|Any CPU.Build.0 = Release|Any CPU
		{23D3D909-8421-4EB6-B93B-FA484DACFB0C}.Debug|Any CPU.ActiveCfg = Debug|Any CPU
		{23D3D909-8421-4EB6-B93B-FA484DACFB0C}.Debug|Any CPU.Build.0 = Debug|Any CPU
		{23D3D909-8421-4EB6-B93B-FA484DACFB0C}.Release|Any CPU.ActiveCfg = Release|Any CPU
		{23D3D909-8421-4EB6-B93B-FA484DACFB0C}.Release|Any CPU.Build.0 = Release|Any CPU
		{C8FC4654-B235-470F-9462-870661CB01F2}.Debug|Any CPU.ActiveCfg = Debug|Any CPU
		{C8FC4654-B235-470F-9462-870661CB01F2}.Debug|Any CPU.Build.0 = Debug|Any CPU
		{C8FC4654-B235-470F-9462-870661CB01F2}.Release|Any CPU.ActiveCfg = Release|Any CPU
		{C8FC4654-B235-470F-9462-870661CB01F2}.Release|Any CPU.Build.0 = Release|Any CPU
		{A7170F76-5E16-4420-817D-8799FC2BEDF4}.Debug|Any CPU.ActiveCfg = Debug|Any CPU
		{A7170F76-5E16-4420-817D-8799FC2BEDF4}.Debug|Any CPU.Build.0 = Debug|Any CPU
		{A7170F76-5E16-4420-817D-8799FC2BEDF4}.Release|Any CPU.ActiveCfg = Release|Any CPU
		{A7170F76-5E16-4420-817D-8799FC2BEDF4}.Release|Any CPU.Build.0 = Release|Any CPU
		{A3170834-B2EC-4FF2-A709-A406DE6A78B1}.Debug|Any CPU.ActiveCfg = Debug|Any CPU
		{A3170834-B2EC-4FF2-A709-A406DE6A78B1}.Debug|Any CPU.Build.0 = Debug|Any CPU
		{A3170834-B2EC-4FF2-A709-A406DE6A78B1}.Release|Any CPU.ActiveCfg = Release|Any CPU
		{A3170834-B2EC-4FF2-A709-A406DE6A78B1}.Release|Any CPU.Build.0 = Release|Any CPU
		{E9DD43D0-0494-4C7F-81CC-7EF770B62501}.Debug|Any CPU.ActiveCfg = Debug|Any CPU
		{E9DD43D0-0494-4C7F-81CC-7EF770B62501}.Debug|Any CPU.Build.0 = Debug|Any CPU
		{E9DD43D0-0494-4C7F-81CC-7EF770B62501}.Release|Any CPU.ActiveCfg = Release|Any CPU
		{E9DD43D0-0494-4C7F-81CC-7EF770B62501}.Release|Any CPU.Build.0 = Release|Any CPU
		{970E05E1-CBEC-4188-BA69-A820D8B54187}.Debug|Any CPU.ActiveCfg = Debug|Any CPU
		{970E05E1-CBEC-4188-BA69-A820D8B54187}.Debug|Any CPU.Build.0 = Debug|Any CPU
		{970E05E1-CBEC-4188-BA69-A820D8B54187}.Release|Any CPU.ActiveCfg = Release|Any CPU
		{970E05E1-CBEC-4188-BA69-A820D8B54187}.Release|Any CPU.Build.0 = Release|Any CPU
		{B328C37B-4090-46ED-9F40-5D08E5A03CFA}.Debug|Any CPU.ActiveCfg = Debug|Any CPU
		{B328C37B-4090-46ED-9F40-5D08E5A03CFA}.Debug|Any CPU.Build.0 = Debug|Any CPU
		{B328C37B-4090-46ED-9F40-5D08E5A03CFA}.Release|Any CPU.ActiveCfg = Release|Any CPU
		{B328C37B-4090-46ED-9F40-5D08E5A03CFA}.Release|Any CPU.Build.0 = Release|Any CPU
		{D49B4975-4EBE-4D4C-9624-D93FD3CD00BA}.Debug|Any CPU.ActiveCfg = Debug|Any CPU
		{D49B4975-4EBE-4D4C-9624-D93FD3CD00BA}.Debug|Any CPU.Build.0 = Debug|Any CPU
		{D49B4975-4EBE-4D4C-9624-D93FD3CD00BA}.Release|Any CPU.ActiveCfg = Release|Any CPU
		{D49B4975-4EBE-4D4C-9624-D93FD3CD00BA}.Release|Any CPU.Build.0 = Release|Any CPU
		{5736046C-52C4-4F3C-BBFE-68D457ECC50F}.Debug|Any CPU.ActiveCfg = Debug|Any CPU
		{5736046C-52C4-4F3C-BBFE-68D457ECC50F}.Debug|Any CPU.Build.0 = Debug|Any CPU
		{5736046C-52C4-4F3C-BBFE-68D457ECC50F}.Release|Any CPU.ActiveCfg = Release|Any CPU
		{5736046C-52C4-4F3C-BBFE-68D457ECC50F}.Release|Any CPU.Build.0 = Release|Any CPU
	EndGlobalSection
	GlobalSection(SolutionProperties) = preSolution
		HideSolutionNode = FALSE
	EndGlobalSection
	GlobalSection(ExtensibilityGlobals) = postSolution
		SolutionGuid = {D7D935D2-881F-413F-940B-CE69037EA58A}
	EndGlobalSection
EndGlobal
